// !$*UTF8*$!
{
	archiveVersion = 1;
	classes = {
	};
	objectVersion = 56;
	objects = {

/* Begin PBXBuildFile section */
		43137C6F2A2278DC0094B2BD /* AppDelegate.swift in Sources */ = {isa = PBXBuildFile; fileRef = 43137C6E2A2278DC0094B2BD /* AppDelegate.swift */; };
		43137C712A2278DC0094B2BD /* SceneDelegate.swift in Sources */ = {isa = PBXBuildFile; fileRef = 43137C702A2278DC0094B2BD /* SceneDelegate.swift */; };
		43137C732A2278DC0094B2BD /* WelcomeViewController.swift in Sources */ = {isa = PBXBuildFile; fileRef = 43137C722A2278DC0094B2BD /* WelcomeViewController.swift */; };
		43137C762A2278DC0094B2BD /* Main.storyboard in Resources */ = {isa = PBXBuildFile; fileRef = 43137C742A2278DC0094B2BD /* Main.storyboard */; };
		43137C782A2278DC0094B2BD /* Assets.xcassets in Resources */ = {isa = PBXBuildFile; fileRef = 43137C772A2278DC0094B2BD /* Assets.xcassets */; };
		43137C7B2A2278DC0094B2BD /* LaunchScreen.storyboard in Resources */ = {isa = PBXBuildFile; fileRef = 43137C792A2278DC0094B2BD /* LaunchScreen.storyboard */; };
		43137C862A2279B60094B2BD /* RegisterViewController.swift in Sources */ = {isa = PBXBuildFile; fileRef = 43137C852A2279B60094B2BD /* RegisterViewController.swift */; };
		43137C882A227A020094B2BD /* LoginViewController.swift in Sources */ = {isa = PBXBuildFile; fileRef = 43137C872A227A020094B2BD /* LoginViewController.swift */; };
		43137C8A2A227A190094B2BD /* ChatViewController.swift in Sources */ = {isa = PBXBuildFile; fileRef = 43137C892A227A190094B2BD /* ChatViewController.swift */; };
		432608932A23437D001E38A3 /* GoogleService-Info.plist in Resources */ = {isa = PBXBuildFile; fileRef = 432608922A23437D001E38A3 /* GoogleService-Info.plist */; };
		432608962A234430001E38A3 /* FirebaseAuth in Frameworks */ = {isa = PBXBuildFile; productRef = 432608952A234430001E38A3 /* FirebaseAuth */; };
		432608982A234430001E38A3 /* FirebaseFirestore in Frameworks */ = {isa = PBXBuildFile; productRef = 432608972A234430001E38A3 /* FirebaseFirestore */; };
		43DAF5422A23583E00BCA6D4 /* Constants.swift in Sources */ = {isa = PBXBuildFile; fileRef = 43DAF5412A23583D00BCA6D4 /* Constants.swift */; };
		D2CABFFAB197430840BBFF74 /* Pods_Flash_Chat_iOS13.framework in Frameworks */ = {isa = PBXBuildFile; fileRef = 5012F6FBA7BA756F730F63F8 /* Pods_Flash_Chat_iOS13.framework */; };
/* End PBXBuildFile section */

/* Begin PBXFileReference section */
		43137C6B2A2278DC0094B2BD /* Flash Chat iOS13.app */ = {isa = PBXFileReference; explicitFileType = wrapper.application; includeInIndex = 0; path = "Flash Chat iOS13.app"; sourceTree = BUILT_PRODUCTS_DIR; };
		43137C6E2A2278DC0094B2BD /* AppDelegate.swift */ = {isa = PBXFileReference; lastKnownFileType = sourcecode.swift; path = AppDelegate.swift; sourceTree = "<group>"; };
		43137C702A2278DC0094B2BD /* SceneDelegate.swift */ = {isa = PBXFileReference; lastKnownFileType = sourcecode.swift; path = SceneDelegate.swift; sourceTree = "<group>"; };
		43137C722A2278DC0094B2BD /* WelcomeViewController.swift */ = {isa = PBXFileReference; lastKnownFileType = sourcecode.swift; path = WelcomeViewController.swift; sourceTree = "<group>"; };
		43137C752A2278DC0094B2BD /* Base */ = {isa = PBXFileReference; lastKnownFileType = file.storyboard; name = Base; path = Base.lproj/Main.storyboard; sourceTree = "<group>"; };
		43137C772A2278DC0094B2BD /* Assets.xcassets */ = {isa = PBXFileReference; lastKnownFileType = folder.assetcatalog; path = Assets.xcassets; sourceTree = "<group>"; };
		43137C7A2A2278DC0094B2BD /* Base */ = {isa = PBXFileReference; lastKnownFileType = file.storyboard; name = Base; path = Base.lproj/LaunchScreen.storyboard; sourceTree = "<group>"; };
		43137C7C2A2278DC0094B2BD /* Info.plist */ = {isa = PBXFileReference; lastKnownFileType = text.plist.xml; path = Info.plist; sourceTree = "<group>"; };
		43137C852A2279B60094B2BD /* RegisterViewController.swift */ = {isa = PBXFileReference; lastKnownFileType = sourcecode.swift; path = RegisterViewController.swift; sourceTree = "<group>"; };
		43137C872A227A020094B2BD /* LoginViewController.swift */ = {isa = PBXFileReference; lastKnownFileType = sourcecode.swift; path = LoginViewController.swift; sourceTree = "<group>"; };
		43137C892A227A190094B2BD /* ChatViewController.swift */ = {isa = PBXFileReference; lastKnownFileType = sourcecode.swift; path = ChatViewController.swift; sourceTree = "<group>"; };
		432608922A23437D001E38A3 /* GoogleService-Info.plist */ = {isa = PBXFileReference; fileEncoding = 4; lastKnownFileType = text.plist.xml; path = "GoogleService-Info.plist"; sourceTree = "<group>"; };
		43DAF5412A23583D00BCA6D4 /* Constants.swift */ = {isa = PBXFileReference; lastKnownFileType = sourcecode.swift; path = Constants.swift; sourceTree = "<group>"; };
		5012F6FBA7BA756F730F63F8 /* Pods_Flash_Chat_iOS13.framework */ = {isa = PBXFileReference; explicitFileType = wrapper.framework; includeInIndex = 0; path = Pods_Flash_Chat_iOS13.framework; sourceTree = BUILT_PRODUCTS_DIR; };
		623DE01B7C0C9CA7509CCC0C /* Pods-Flash Chat iOS13.debug.xcconfig */ = {isa = PBXFileReference; includeInIndex = 1; lastKnownFileType = text.xcconfig; name = "Pods-Flash Chat iOS13.debug.xcconfig"; path = "Target Support Files/Pods-Flash Chat iOS13/Pods-Flash Chat iOS13.debug.xcconfig"; sourceTree = "<group>"; };
		9EFE736DCF8EDE501B73B39F /* Pods-Flash Chat iOS13.release.xcconfig */ = {isa = PBXFileReference; includeInIndex = 1; lastKnownFileType = text.xcconfig; name = "Pods-Flash Chat iOS13.release.xcconfig"; path = "Target Support Files/Pods-Flash Chat iOS13/Pods-Flash Chat iOS13.release.xcconfig"; sourceTree = "<group>"; };
/* End PBXFileReference section */

/* Begin PBXFrameworksBuildPhase section */
		43137C682A2278DC0094B2BD /* Frameworks */ = {
			isa = PBXFrameworksBuildPhase;
			buildActionMask = 2147483647;
			files = (
				D2CABFFAB197430840BBFF74 /* Pods_Flash_Chat_iOS13.framework in Frameworks */,
				432608962A234430001E38A3 /* FirebaseAuth in Frameworks */,
				432608982A234430001E38A3 /* FirebaseFirestore in Frameworks */,
			);
			runOnlyForDeploymentPostprocessing = 0;
		};
/* End PBXFrameworksBuildPhase section */

/* Begin PBXGroup section */
		43137C622A2278DC0094B2BD = {
			isa = PBXGroup;
			children = (
				43137C6D2A2278DC0094B2BD /* Flash Chat iOS13 */,
				43137C6C2A2278DC0094B2BD /* Products */,
				B5E8064156BDCB8E456DC6CF /* Pods */,
				BB3A12F2762B50BA394D5036 /* Frameworks */,
			);
			sourceTree = "<group>";
		};
		43137C6C2A2278DC0094B2BD /* Products */ = {
			isa = PBXGroup;
			children = (
				43137C6B2A2278DC0094B2BD /* Flash Chat iOS13.app */,
			);
			name = Products;
			sourceTree = "<group>";
		};
		43137C6D2A2278DC0094B2BD /* Flash Chat iOS13 */ = {
			isa = PBXGroup;
			children = (
				43137C6E2A2278DC0094B2BD /* AppDelegate.swift */,
				43137C702A2278DC0094B2BD /* SceneDelegate.swift */,
				43137C822A2279240094B2BD /* Models */,
				43137C832A2279410094B2BD /* Views */,
				43137C842A22794E0094B2BD /* Controllers */,
				43137C772A2278DC0094B2BD /* Assets.xcassets */,
				43137C792A2278DC0094B2BD /* LaunchScreen.storyboard */,
				43137C7C2A2278DC0094B2BD /* Info.plist */,
				432608922A23437D001E38A3 /* GoogleService-Info.plist */,
				43DAF5412A23583D00BCA6D4 /* Constants.swift */,
			);
			path = "Flash Chat iOS13";
			sourceTree = "<group>";
		};
		43137C822A2279240094B2BD /* Models */ = {
			isa = PBXGroup;
			children = (
			);
			path = Models;
			sourceTree = "<group>";
		};
		43137C832A2279410094B2BD /* Views */ = {
			isa = PBXGroup;
			children = (
				43137C742A2278DC0094B2BD /* Main.storyboard */,
			);
			path = Views;
			sourceTree = "<group>";
		};
		43137C842A22794E0094B2BD /* Controllers */ = {
			isa = PBXGroup;
			children = (
				43137C722A2278DC0094B2BD /* WelcomeViewController.swift */,
				43137C852A2279B60094B2BD /* RegisterViewController.swift */,
				43137C872A227A020094B2BD /* LoginViewController.swift */,
				43137C892A227A190094B2BD /* ChatViewController.swift */,
			);
			path = Controllers;
			sourceTree = "<group>";
		};
		B5E8064156BDCB8E456DC6CF /* Pods */ = {
			isa = PBXGroup;
			children = (
				623DE01B7C0C9CA7509CCC0C /* Pods-Flash Chat iOS13.debug.xcconfig */,
				9EFE736DCF8EDE501B73B39F /* Pods-Flash Chat iOS13.release.xcconfig */,
			);
			path = Pods;
			sourceTree = "<group>";
		};
		BB3A12F2762B50BA394D5036 /* Frameworks */ = {
			isa = PBXGroup;
			children = (
				5012F6FBA7BA756F730F63F8 /* Pods_Flash_Chat_iOS13.framework */,
			);
			name = Frameworks;
			sourceTree = "<group>";
		};
/* End PBXGroup section */

/* Begin PBXNativeTarget section */
		43137C6A2A2278DC0094B2BD /* Flash Chat iOS13 */ = {
			isa = PBXNativeTarget;
			buildConfigurationList = 43137C7F2A2278DC0094B2BD /* Build configuration list for PBXNativeTarget "Flash Chat iOS13" */;
			buildPhases = (
				BF1C624A5E7B5180914D7966 /* [CP] Check Pods Manifest.lock */,
				43137C672A2278DC0094B2BD /* Sources */,
				43137C682A2278DC0094B2BD /* Frameworks */,
				43137C692A2278DC0094B2BD /* Resources */,
			);
			buildRules = (
			);
			dependencies = (
			);
			name = "Flash Chat iOS13";
			packageProductDependencies = (
				432608952A234430001E38A3 /* FirebaseAuth */,
				432608972A234430001E38A3 /* FirebaseFirestore */,
			);
			productName = "Flash Chat iOS13";
			productReference = 43137C6B2A2278DC0094B2BD /* Flash Chat iOS13.app */;
			productType = "com.apple.product-type.application";
		};
/* End PBXNativeTarget section */

/* Begin PBXProject section */
		43137C632A2278DC0094B2BD /* Project object */ = {
			isa = PBXProject;
			attributes = {
				BuildIndependentTargetsInParallel = 1;
				LastSwiftUpdateCheck = 1430;
				LastUpgradeCheck = 1430;
				TargetAttributes = {
					43137C6A2A2278DC0094B2BD = {
						CreatedOnToolsVersion = 14.3;
					};
				};
			};
			buildConfigurationList = 43137C662A2278DC0094B2BD /* Build configuration list for PBXProject "Flash Chat iOS13" */;
			compatibilityVersion = "Xcode 14.0";
			developmentRegion = en;
			hasScannedForEncodings = 0;
			knownRegions = (
				en,
				Base,
			);
			mainGroup = 43137C622A2278DC0094B2BD;
			packageReferences = (
				432608942A234430001E38A3 /* XCRemoteSwiftPackageReference "firebase-ios-sdk" */,
			);
			productRefGroup = 43137C6C2A2278DC0094B2BD /* Products */;
			projectDirPath = "";
			projectRoot = "";
			targets = (
				43137C6A2A2278DC0094B2BD /* Flash Chat iOS13 */,
			);
		};
/* End PBXProject section */

/* Begin PBXResourcesBuildPhase section */
		43137C692A2278DC0094B2BD /* Resources */ = {
			isa = PBXResourcesBuildPhase;
			buildActionMask = 2147483647;
			files = (
				43137C7B2A2278DC0094B2BD /* LaunchScreen.storyboard in Resources */,
				432608932A23437D001E38A3 /* GoogleService-Info.plist in Resources */,
				43137C782A2278DC0094B2BD /* Assets.xcassets in Resources */,
				43137C762A2278DC0094B2BD /* Main.storyboard in Resources */,
			);
			runOnlyForDeploymentPostprocessing = 0;
		};
/* End PBXResourcesBuildPhase section */

/* Begin PBXShellScriptBuildPhase section */
		BF1C624A5E7B5180914D7966 /* [CP] Check Pods Manifest.lock */ = {
			isa = PBXShellScriptBuildPhase;
			buildActionMask = 2147483647;
			files = (
			);
			inputFileListPaths = (
			);
			inputPaths = (
				"${PODS_PODFILE_DIR_PATH}/Podfile.lock",
				"${PODS_ROOT}/Manifest.lock",
			);
			name = "[CP] Check Pods Manifest.lock";
			outputFileListPaths = (
			);
			outputPaths = (
				"$(DERIVED_FILE_DIR)/Pods-Flash Chat iOS13-checkManifestLockResult.txt",
			);
			runOnlyForDeploymentPostprocessing = 0;
			shellPath = /bin/sh;
			shellScript = "diff \"${PODS_PODFILE_DIR_PATH}/Podfile.lock\" \"${PODS_ROOT}/Manifest.lock\" > /dev/null\nif [ $? != 0 ] ; then\n    # print error to STDERR\n    echo \"error: The sandbox is not in sync with the Podfile.lock. Run 'pod install' or update your CocoaPods installation.\" >&2\n    exit 1\nfi\n# This output is used by Xcode 'outputs' to avoid re-running this script phase.\necho \"SUCCESS\" > \"${SCRIPT_OUTPUT_FILE_0}\"\n";
			showEnvVarsInLog = 0;
		};
/* End PBXShellScriptBuildPhase section */

/* Begin PBXSourcesBuildPhase section */
		43137C672A2278DC0094B2BD /* Sources */ = {
			isa = PBXSourcesBuildPhase;
			buildActionMask = 2147483647;
			files = (
				43137C732A2278DC0094B2BD /* WelcomeViewController.swift in Sources */,
				43137C6F2A2278DC0094B2BD /* AppDelegate.swift in Sources */,
				43137C712A2278DC0094B2BD /* SceneDelegate.swift in Sources */,
				43137C882A227A020094B2BD /* LoginViewController.swift in Sources */,
				43DAF5422A23583E00BCA6D4 /* Constants.swift in Sources */,
				43137C8A2A227A190094B2BD /* ChatViewController.swift in Sources */,
				43137C862A2279B60094B2BD /* RegisterViewController.swift in Sources */,
			);
			runOnlyForDeploymentPostprocessing = 0;
		};
/* End PBXSourcesBuildPhase section */

/* Begin PBXVariantGroup section */
		43137C742A2278DC0094B2BD /* Main.storyboard */ = {
			isa = PBXVariantGroup;
			children = (
				43137C752A2278DC0094B2BD /* Base */,
			);
			name = Main.storyboard;
			sourceTree = "<group>";
		};
		43137C792A2278DC0094B2BD /* LaunchScreen.storyboard */ = {
			isa = PBXVariantGroup;
			children = (
				43137C7A2A2278DC0094B2BD /* Base */,
			);
			name = LaunchScreen.storyboard;
			sourceTree = "<group>";
		};
/* End PBXVariantGroup section */

/* Begin XCBuildConfiguration section */
		43137C7D2A2278DC0094B2BD /* Debug */ = {
			isa = XCBuildConfiguration;
			buildSettings = {
				ALWAYS_SEARCH_USER_PATHS = NO;
				CLANG_ANALYZER_NONNULL = YES;
				CLANG_ANALYZER_NUMBER_OBJECT_CONVERSION = YES_AGGRESSIVE;
				CLANG_CXX_LANGUAGE_STANDARD = "gnu++20";
				CLANG_ENABLE_MODULES = YES;
				CLANG_ENABLE_OBJC_ARC = YES;
				CLANG_ENABLE_OBJC_WEAK = YES;
				CLANG_WARN_BLOCK_CAPTURE_AUTORELEASING = YES;
				CLANG_WARN_BOOL_CONVERSION = YES;
				CLANG_WARN_COMMA = YES;
				CLANG_WARN_CONSTANT_CONVERSION = YES;
				CLANG_WARN_DEPRECATED_OBJC_IMPLEMENTATIONS = YES;
				CLANG_WARN_DIRECT_OBJC_ISA_USAGE = YES_ERROR;
				CLANG_WARN_DOCUMENTATION_COMMENTS = YES;
				CLANG_WARN_EMPTY_BODY = YES;
				CLANG_WARN_ENUM_CONVERSION = YES;
				CLANG_WARN_INFINITE_RECURSION = YES;
				CLANG_WARN_INT_CONVERSION = YES;
				CLANG_WARN_NON_LITERAL_NULL_CONVERSION = YES;
				CLANG_WARN_OBJC_IMPLICIT_RETAIN_SELF = YES;
				CLANG_WARN_OBJC_LITERAL_CONVERSION = YES;
				CLANG_WARN_OBJC_ROOT_CLASS = YES_ERROR;
				CLANG_WARN_QUOTED_INCLUDE_IN_FRAMEWORK_HEADER = YES;
				CLANG_WARN_RANGE_LOOP_ANALYSIS = YES;
				CLANG_WARN_STRICT_PROTOTYPES = YES;
				CLANG_WARN_SUSPICIOUS_MOVE = YES;
				CLANG_WARN_UNGUARDED_AVAILABILITY = YES_AGGRESSIVE;
				CLANG_WARN_UNREACHABLE_CODE = YES;
				CLANG_WARN__DUPLICATE_METHOD_MATCH = YES;
				COPY_PHASE_STRIP = NO;
				DEBUG_INFORMATION_FORMAT = dwarf;
				ENABLE_STRICT_OBJC_MSGSEND = YES;
				ENABLE_TESTABILITY = YES;
				GCC_C_LANGUAGE_STANDARD = gnu11;
				GCC_DYNAMIC_NO_PIC = NO;
				GCC_NO_COMMON_BLOCKS = YES;
				GCC_OPTIMIZATION_LEVEL = 0;
				GCC_PREPROCESSOR_DEFINITIONS = (
					"DEBUG=1",
					"$(inherited)",
				);
				GCC_WARN_64_TO_32_BIT_CONVERSION = YES;
				GCC_WARN_ABOUT_RETURN_TYPE = YES_ERROR;
				GCC_WARN_UNDECLARED_SELECTOR = YES;
				GCC_WARN_UNINITIALIZED_AUTOS = YES_AGGRESSIVE;
				GCC_WARN_UNUSED_FUNCTION = YES;
				GCC_WARN_UNUSED_VARIABLE = YES;
				IPHONEOS_DEPLOYMENT_TARGET = 13.0;
				MTL_ENABLE_DEBUG_INFO = INCLUDE_SOURCE;
				MTL_FAST_MATH = YES;
				ONLY_ACTIVE_ARCH = YES;
				SDKROOT = iphoneos;
				SWIFT_ACTIVE_COMPILATION_CONDITIONS = DEBUG;
				SWIFT_OPTIMIZATION_LEVEL = "-Onone";
			};
			name = Debug;
		};
		43137C7E2A2278DC0094B2BD /* Release */ = {
			isa = XCBuildConfiguration;
			buildSettings = {
				ALWAYS_SEARCH_USER_PATHS = NO;
				CLANG_ANALYZER_NONNULL = YES;
				CLANG_ANALYZER_NUMBER_OBJECT_CONVERSION = YES_AGGRESSIVE;
				CLANG_CXX_LANGUAGE_STANDARD = "gnu++20";
				CLANG_ENABLE_MODULES = YES;
				CLANG_ENABLE_OBJC_ARC = YES;
				CLANG_ENABLE_OBJC_WEAK = YES;
				CLANG_WARN_BLOCK_CAPTURE_AUTORELEASING = YES;
				CLANG_WARN_BOOL_CONVERSION = YES;
				CLANG_WARN_COMMA = YES;
				CLANG_WARN_CONSTANT_CONVERSION = YES;
				CLANG_WARN_DEPRECATED_OBJC_IMPLEMENTATIONS = YES;
				CLANG_WARN_DIRECT_OBJC_ISA_USAGE = YES_ERROR;
				CLANG_WARN_DOCUMENTATION_COMMENTS = YES;
				CLANG_WARN_EMPTY_BODY = YES;
				CLANG_WARN_ENUM_CONVERSION = YES;
				CLANG_WARN_INFINITE_RECURSION = YES;
				CLANG_WARN_INT_CONVERSION = YES;
				CLANG_WARN_NON_LITERAL_NULL_CONVERSION = YES;
				CLANG_WARN_OBJC_IMPLICIT_RETAIN_SELF = YES;
				CLANG_WARN_OBJC_LITERAL_CONVERSION = YES;
				CLANG_WARN_OBJC_ROOT_CLASS = YES_ERROR;
				CLANG_WARN_QUOTED_INCLUDE_IN_FRAMEWORK_HEADER = YES;
				CLANG_WARN_RANGE_LOOP_ANALYSIS = YES;
				CLANG_WARN_STRICT_PROTOTYPES = YES;
				CLANG_WARN_SUSPICIOUS_MOVE = YES;
				CLANG_WARN_UNGUARDED_AVAILABILITY = YES_AGGRESSIVE;
				CLANG_WARN_UNREACHABLE_CODE = YES;
				CLANG_WARN__DUPLICATE_METHOD_MATCH = YES;
				COPY_PHASE_STRIP = NO;
				DEBUG_INFORMATION_FORMAT = "dwarf-with-dsym";
				ENABLE_NS_ASSERTIONS = NO;
				ENABLE_STRICT_OBJC_MSGSEND = YES;
				GCC_C_LANGUAGE_STANDARD = gnu11;
				GCC_NO_COMMON_BLOCKS = YES;
				GCC_WARN_64_TO_32_BIT_CONVERSION = YES;
				GCC_WARN_ABOUT_RETURN_TYPE = YES_ERROR;
				GCC_WARN_UNDECLARED_SELECTOR = YES;
				GCC_WARN_UNINITIALIZED_AUTOS = YES_AGGRESSIVE;
				GCC_WARN_UNUSED_FUNCTION = YES;
				GCC_WARN_UNUSED_VARIABLE = YES;
				IPHONEOS_DEPLOYMENT_TARGET = 13.0;
				MTL_ENABLE_DEBUG_INFO = NO;
				MTL_FAST_MATH = YES;
				SDKROOT = iphoneos;
				SWIFT_COMPILATION_MODE = wholemodule;
				SWIFT_OPTIMIZATION_LEVEL = "-O";
				VALIDATE_PRODUCT = YES;
			};
			name = Release;
		};
		43137C802A2278DC0094B2BD /* Debug */ = {
			isa = XCBuildConfiguration;
			baseConfigurationReference = 623DE01B7C0C9CA7509CCC0C /* Pods-Flash Chat iOS13.debug.xcconfig */;
			buildSettings = {
				ASSETCATALOG_COMPILER_APPICON_NAME = AppIcon;
				ASSETCATALOG_COMPILER_GLOBAL_ACCENT_COLOR_NAME = AccentColor;
				CODE_SIGN_STYLE = Automatic;
				CURRENT_PROJECT_VERSION = 1;
				DEVELOPMENT_TEAM = 8545KP6MGS;
				GENERATE_INFOPLIST_FILE = YES;
				INFOPLIST_FILE = "Flash Chat iOS13/Info.plist";
				INFOPLIST_KEY_UIApplicationSupportsIndirectInputEvents = YES;
				INFOPLIST_KEY_UILaunchStoryboardName = LaunchScreen;
				INFOPLIST_KEY_UIMainStoryboardFile = Main;
				INFOPLIST_KEY_UISupportedInterfaceOrientations = UIInterfaceOrientationPortrait;
				INFOPLIST_KEY_UISupportedInterfaceOrientations_iPad = "UIInterfaceOrientationLandscapeLeft UIInterfaceOrientationLandscapeRight UIInterfaceOrientationPortrait UIInterfaceOrientationPortraitUpsideDown";
				IPHONEOS_DEPLOYMENT_TARGET = 13.0;
				LD_RUNPATH_SEARCH_PATHS = (
					"$(inherited)",
					"@executable_path/Frameworks",
				);
				MARKETING_VERSION = 1.0;
				PRODUCT_BUNDLE_IDENTIFIER = "home.Flash-Chat-iOS13";
				PRODUCT_NAME = "$(TARGET_NAME)";
				SUPPORTED_PLATFORMS = "iphoneos iphonesimulator";
				SUPPORTS_MACCATALYST = NO;
				SUPPORTS_MAC_DESIGNED_FOR_IPHONE_IPAD = YES;
				SWIFT_EMIT_LOC_STRINGS = YES;
				SWIFT_VERSION = 5.0;
				TARGETED_DEVICE_FAMILY = 1;
			};
			name = Debug;
		};
		43137C812A2278DC0094B2BD /* Release */ = {
			isa = XCBuildConfiguration;
			baseConfigurationReference = 9EFE736DCF8EDE501B73B39F /* Pods-Flash Chat iOS13.release.xcconfig */;
			buildSettings = {
				ASSETCATALOG_COMPILER_APPICON_NAME = AppIcon;
				ASSETCATALOG_COMPILER_GLOBAL_ACCENT_COLOR_NAME = AccentColor;
				CODE_SIGN_STYLE = Automatic;
				CURRENT_PROJECT_VERSION = 1;
				DEVELOPMENT_TEAM = 8545KP6MGS;
				GENERATE_INFOPLIST_FILE = YES;
				INFOPLIST_FILE = "Flash Chat iOS13/Info.plist";
				INFOPLIST_KEY_UIApplicationSupportsIndirectInputEvents = YES;
				INFOPLIST_KEY_UILaunchStoryboardName = LaunchScreen;
				INFOPLIST_KEY_UIMainStoryboardFile = Main;
				INFOPLIST_KEY_UISupportedInterfaceOrientations = UIInterfaceOrientationPortrait;
				INFOPLIST_KEY_UISupportedInterfaceOrientations_iPad = "UIInterfaceOrientationLandscapeLeft UIInterfaceOrientationLandscapeRight UIInterfaceOrientationPortrait UIInterfaceOrientationPortraitUpsideDown";
				IPHONEOS_DEPLOYMENT_TARGET = 13.0;
				LD_RUNPATH_SEARCH_PATHS = (
					"$(inherited)",
					"@executable_path/Frameworks",
				);
				MARKETING_VERSION = 1.0;
				PRODUCT_BUNDLE_IDENTIFIER = "home.Flash-Chat-iOS13";
				PRODUCT_NAME = "$(TARGET_NAME)";
				SUPPORTED_PLATFORMS = "iphoneos iphonesimulator";
				SUPPORTS_MACCATALYST = NO;
				SUPPORTS_MAC_DESIGNED_FOR_IPHONE_IPAD = YES;
				SWIFT_EMIT_LOC_STRINGS = YES;
				SWIFT_VERSION = 5.0;
				TARGETED_DEVICE_FAMILY = 1;
			};
			name = Release;
		};
/* End XCBuildConfiguration section */

/* Begin XCConfigurationList section */
		43137C662A2278DC0094B2BD /* Build configuration list for PBXProject "Flash Chat iOS13" */ = {
			isa = XCConfigurationList;
			buildConfigurations = (
				43137C7D2A2278DC0094B2BD /* Debug */,
				43137C7E2A2278DC0094B2BD /* Release */,
			);
			defaultConfigurationIsVisible = 0;
			defaultConfigurationName = Release;
		};
		43137C7F2A2278DC0094B2BD /* Build configuration list for PBXNativeTarget "Flash Chat iOS13" */ = {
			isa = XCConfigurationList;
			buildConfigurations = (
				43137C802A2278DC0094B2BD /* Debug */,
				43137C812A2278DC0094B2BD /* Release */,
			);
			defaultConfigurationIsVisible = 0;
			defaultConfigurationName = Release;
		};
/* End XCConfigurationList section */

/* Begin XCRemoteSwiftPackageReference section */
		432608942A234430001E38A3 /* XCRemoteSwiftPackageReference "firebase-ios-sdk" */ = {
			isa = XCRemoteSwiftPackageReference;
			repositoryURL = "https://github.com/firebase/firebase-ios-sdk";
			requirement = {
				kind = upToNextMajorVersion;
				minimumVersion = 10.0.0;
			};
		};
/* End XCRemoteSwiftPackageReference section */

/* Begin XCSwiftPackageProductDependency section */
		432608952A234430001E38A3 /* FirebaseAuth */ = {
			isa = XCSwiftPackageProductDependency;
			package = 432608942A234430001E38A3 /* XCRemoteSwiftPackageReference "firebase-ios-sdk" */;
			productName = FirebaseAuth;
		};
		432608972A234430001E38A3 /* FirebaseFirestore */ = {
			isa = XCSwiftPackageProductDependency;
			package = 432608942A234430001E38A3 /* XCRemoteSwiftPackageReference "firebase-ios-sdk" */;
			productName = FirebaseFirestore;
		};
/* End XCSwiftPackageProductDependency section */
	};
	rootObject = 43137C632A2278DC0094B2BD /* Project object */;
}
